// !$*UTF8*$!
{
	archiveVersion = 1;
	classes = {
	};
	objectVersion = 46;
	objects = {

/* Begin PBXBuildFile section */
		884B55941BF95E3B0048DA12 /* HLSData.cpp in Sources */ = {isa = PBXBuildFile; fileRef = 884B55921BF95E3B0048DA12 /* HLSData.cpp */; };
		884B55981BF962620048DA12 /* HLSDownloadUrl.cpp in Sources */ = {isa = PBXBuildFile; fileRef = 884B55961BF962620048DA12 /* HLSDownloadUrl.cpp */; };
		884B559B1BF96D660048DA12 /* HLSDownloadTS.cpp in Sources */ = {isa = PBXBuildFile; fileRef = 884B55991BF96D660048DA12 /* HLSDownloadTS.cpp */; };
		884B559E1BF9701C0048DA12 /* HLScURL.cpp in Sources */ = {isa = PBXBuildFile; fileRef = 884B559C1BF9701C0048DA12 /* HLScURL.cpp */; };
		884B55AA1BFACF070048DA12 /* libcurl.a in Frameworks */ = {isa = PBXBuildFile; fileRef = 884B55A91BFACF070048DA12 /* libcurl.a */; };
		8863D0BA1BE34FD600332072 /* FilterShaderHDR.cpp in Sources */ = {isa = PBXBuildFile; fileRef = 8863D0B71BE34FD600332072 /* FilterShaderHDR.cpp */; };
		8E05B0E51BFC0D52005EB6D3 /* IOSMediaDecoder.mm in Sources */ = {isa = PBXBuildFile; fileRef = 8E05B0E21BFC0D52005EB6D3 /* IOSMediaDecoder.mm */; };
		8E05B0E61BFC0D52005EB6D3 /* IOSVideoDecoder.cpp in Sources */ = {isa = PBXBuildFile; fileRef = 8E05B0E31BFC0D52005EB6D3 /* IOSVideoDecoder.cpp */; };
		8E05B0E91BFC11A1005EB6D3 /* IOSMediaData.cpp in Sources */ = {isa = PBXBuildFile; fileRef = 8E05B0E71BFC11A1005EB6D3 /* IOSMediaData.cpp */; };
		9431C2781B61E91300E84CC5 /* AudioPlayDestination.cpp in Sources */ = {isa = PBXBuildFile; fileRef = 9431C2761B61E91300E84CC5 /* AudioPlayDestination.cpp */; };
		9431C27B1B61EB2C00E84CC5 /* AudioFragment.cpp in Sources */ = {isa = PBXBuildFile; fileRef = 9431C2791B61EB2C00E84CC5 /* AudioFragment.cpp */; };
		9431C27E1B62038800E84CC5 /* FFMpegAudioDecoder.cpp in Sources */ = {isa = PBXBuildFile; fileRef = 9431C27C1B62038800E84CC5 /* FFMpegAudioDecoder.cpp */; };
		9483DEC51B390ADC00306880 /* FFMpegVideoDecoder.cpp in Sources */ = {isa = PBXBuildFile; fileRef = 9483DEC31B390ADC00306880 /* FFMpegVideoDecoder.cpp */; };
		9483DEEF1B3A936100306880 /* RegisterProcedures.cpp in Sources */ = {isa = PBXBuildFile; fileRef = 9483DEED1B3A936100306880 /* RegisterProcedures.cpp */; };
		9483DEFA1B3BB06800306880 /* TestVideoPlayer.mm in Sources */ = {isa = PBXBuildFile; fileRef = 9483DEF91B3BB06800306880 /* TestVideoPlayer.mm */; };
		9483DF021B3BD0A100306880 /* libGraphic.a in Frameworks */ = {isa = PBXBuildFile; fileRef = 948477321B280FA1000094DE /* libGraphic.a */; };
		9483DF041B3BDCCB00306880 /* libVideoPlayer.a in Frameworks */ = {isa = PBXBuildFile; fileRef = 9484768D1B280DE2000094DE /* libVideoPlayer.a */; };
		9483DF151B3BE13100306880 /* libtask.a in Frameworks */ = {isa = PBXBuildFile; fileRef = 9484773E1B280FA1000094DE /* libtask.a */; };
		9483DF161B3BE14B00306880 /* libcommon.a in Frameworks */ = {isa = PBXBuildFile; fileRef = 948476B81B280FA1000094DE /* libcommon.a */; };
		9483DF171B3BE15900306880 /* libavcodec.a in Frameworks */ = {isa = PBXBuildFile; fileRef = 9484771F1B280FA1000094DE /* libavcodec.a */; };
		9483DF181B3BE15900306880 /* libavdevice.a in Frameworks */ = {isa = PBXBuildFile; fileRef = 948477201B280FA1000094DE /* libavdevice.a */; };
		9483DF191B3BE15900306880 /* libavfilter.a in Frameworks */ = {isa = PBXBuildFile; fileRef = 948477211B280FA1000094DE /* libavfilter.a */; };
		9483DF1A1B3BE15900306880 /* libavformat.a in Frameworks */ = {isa = PBXBuildFile; fileRef = 948477221B280FA1000094DE /* libavformat.a */; };
		9483DF1B1B3BE15900306880 /* libavutil.a in Frameworks */ = {isa = PBXBuildFile; fileRef = 948477231B280FA1000094DE /* libavutil.a */; };
		9483DF1C1B3BE15900306880 /* libswresample.a in Frameworks */ = {isa = PBXBuildFile; fileRef = 948477241B280FA1000094DE /* libswresample.a */; };
		9483DF1D1B3BE15900306880 /* libswscale.a in Frameworks */ = {isa = PBXBuildFile; fileRef = 948477251B280FA1000094DE /* libswscale.a */; };
		9483DF211B3BE2F300306880 /* libz.1.2.5.dylib in Frameworks */ = {isa = PBXBuildFile; fileRef = 9483DF201B3BE2F300306880 /* libz.1.2.5.dylib */; };
		9483DF231B3BE31400306880 /* libiconv.2.4.0.dylib in Frameworks */ = {isa = PBXBuildFile; fileRef = 9483DF221B3BE31400306880 /* libiconv.2.4.0.dylib */; };
		9483DF251B3BE32F00306880 /* libbz2.1.0.dylib in Frameworks */ = {isa = PBXBuildFile; fileRef = 9483DF241B3BE32F00306880 /* libbz2.1.0.dylib */; };
		9484775B1B2812B8000094DE /* GraphicDisplayDestination.cpp in Sources */ = {isa = PBXBuildFile; fileRef = 9484774D1B2812B8000094DE /* GraphicDisplayDestination.cpp */; };
		9484775C1B2812B8000094DE /* PlayerDestination.cpp in Sources */ = {isa = PBXBuildFile; fileRef = 9484774F1B2812B8000094DE /* PlayerDestination.cpp */; };
		9484775D1B2812B8000094DE /* PlayerFilter.cpp in Sources */ = {isa = PBXBuildFile; fileRef = 948477521B2812B8000094DE /* PlayerFilter.cpp */; };
		9484775E1B2812B8000094DE /* PlayerProcedure.cpp in Sources */ = {isa = PBXBuildFile; fileRef = 948477541B2812B8000094DE /* PlayerProcedure.cpp */; };
		9484775F1B2812B8000094DE /* PlayerDataSource.cpp in Sources */ = {isa = PBXBuildFile; fileRef = 948477581B2812B8000094DE /* PlayerDataSource.cpp */; };
		948477601B2812B8000094DE /* VideoPlayer.cpp in Sources */ = {isa = PBXBuildFile; fileRef = 9484775A1B2812B8000094DE /* VideoPlayer.cpp */; };
		948477611B281368000094DE /* libVideoPlayer.a in CopyFiles */ = {isa = PBXBuildFile; fileRef = 9484768D1B280DE2000094DE /* libVideoPlayer.a */; };
		948477631B281380000094DE /* VideoPlayer.h in CopyFiles */ = {isa = PBXBuildFile; fileRef = 9484774A1B2812B8000094DE /* VideoPlayer.h */; };
		948477861B297B04000094DE /* RGBATexture.cpp in Sources */ = {isa = PBXBuildFile; fileRef = 948477851B297B04000094DE /* RGBATexture.cpp */; };
		9484781E1B2A8035000094DE /* FFMpegData.cpp in Sources */ = {isa = PBXBuildFile; fileRef = 9484781C1B2A8035000094DE /* FFMpegData.cpp */; };
		948478211B2A8859000094DE /* FFMpegStream.cpp in Sources */ = {isa = PBXBuildFile; fileRef = 9484781F1B2A8859000094DE /* FFMpegStream.cpp */; };
		948714961B5E2AA6004E1167 /* PlayerControl.cpp in Sources */ = {isa = PBXBuildFile; fileRef = 948714941B5E2AA6004E1167 /* PlayerControl.cpp */; };
		94C7E0AA1BC9123400D6C613 /* VideoPlayerInternal.cpp in Sources */ = {isa = PBXBuildFile; fileRef = 94C7E0A81BC9123400D6C613 /* VideoPlayerInternal.cpp */; };
/* End PBXBuildFile section */

/* Begin PBXContainerItemProxy section */
		9484769A1B280DE2000094DE /* PBXContainerItemProxy */ = {
			isa = PBXContainerItemProxy;
			containerPortal = 948476851B280DE2000094DE /* Project object */;
			proxyType = 1;
			remoteGlobalIDString = 9484768C1B280DE2000094DE;
			remoteInfo = VideoPlayer;
		};
/* End PBXContainerItemProxy section */

/* Begin PBXCopyFilesBuildPhase section */
		9484768B1B280DE2000094DE /* CopyFiles */ = {
			isa = PBXCopyFilesBuildPhase;
			buildActionMask = 2147483647;
			dstPath = "$(PROJECT_DIR)/../../../libs/$(PRODUCT_NAME)/lib";
			dstSubfolderSpec = 0;
			files = (
				948477611B281368000094DE /* libVideoPlayer.a in CopyFiles */,
			);
			runOnlyForDeploymentPostprocessing = 0;
		};
		948477621B28136D000094DE /* CopyFiles */ = {
			isa = PBXCopyFilesBuildPhase;
			buildActionMask = 2147483647;
			dstPath = "$(PROJECT_DIR)/../../../libs/$(PRODUCT_NAME)/include";
			dstSubfolderSpec = 0;
			files = (
				948477631B281380000094DE /* VideoPlayer.h in CopyFiles */,
			);
			runOnlyForDeploymentPostprocessing = 0;
		};
/* End PBXCopyFilesBuildPhase section */

/* Begin PBXFileReference section */
		884B55921BF95E3B0048DA12 /* HLSData.cpp */ = {isa = PBXFileReference; fileEncoding = 4; lastKnownFileType = sourcecode.cpp.cpp; path = HLSData.cpp; sourceTree = "<group>"; };
		884B55931BF95E3B0048DA12 /* HLSData.h */ = {isa = PBXFileReference; fileEncoding = 4; lastKnownFileType = sourcecode.c.h; path = HLSData.h; sourceTree = "<group>"; };
		884B55961BF962620048DA12 /* HLSDownloadUrl.cpp */ = {isa = PBXFileReference; fileEncoding = 4; lastKnownFileType = sourcecode.cpp.cpp; path = HLSDownloadUrl.cpp; sourceTree = "<group>"; };
		884B55971BF962620048DA12 /* HLSDownloadUrl.h */ = {isa = PBXFileReference; fileEncoding = 4; lastKnownFileType = sourcecode.c.h; path = HLSDownloadUrl.h; sourceTree = "<group>"; };
		884B55991BF96D660048DA12 /* HLSDownloadTS.cpp */ = {isa = PBXFileReference; fileEncoding = 4; lastKnownFileType = sourcecode.cpp.cpp; path = HLSDownloadTS.cpp; sourceTree = "<group>"; };
		884B559A1BF96D660048DA12 /* HLSDownloadTS.h */ = {isa = PBXFileReference; fileEncoding = 4; lastKnownFileType = sourcecode.c.h; path = HLSDownloadTS.h; sourceTree = "<group>"; };
		884B559C1BF9701C0048DA12 /* HLScURL.cpp */ = {isa = PBXFileReference; fileEncoding = 4; lastKnownFileType = sourcecode.cpp.cpp; path = HLScURL.cpp; sourceTree = "<group>"; };
		884B559D1BF9701C0048DA12 /* HLScURL.h */ = {isa = PBXFileReference; fileEncoding = 4; lastKnownFileType = sourcecode.c.h; path = HLScURL.h; sourceTree = "<group>"; };
		884B55A91BFACF070048DA12 /* libcurl.a */ = {isa = PBXFileReference; lastKnownFileType = archive.ar; name = libcurl.a; path = ../../../libs/cURL/lib/libcurl.a; sourceTree = "<group>"; };
		8863D0B71BE34FD600332072 /* FilterShaderHDR.cpp */ = {isa = PBXFileReference; fileEncoding = 4; lastKnownFileType = sourcecode.cpp.cpp; path = FilterShaderHDR.cpp; sourceTree = "<group>"; };
		8863D0B81BE34FD600332072 /* FilterShaderHDR.h */ = {isa = PBXFileReference; fileEncoding = 4; lastKnownFileType = sourcecode.c.h; path = FilterShaderHDR.h; sourceTree = "<group>"; };
		8863D0B91BE34FD600332072 /* ShaderCode_HDR.h */ = {isa = PBXFileReference; fileEncoding = 4; lastKnownFileType = sourcecode.c.h; path = ShaderCode_HDR.h; sourceTree = "<group>"; };
		88D9821E1BF5AF1F00A5C3A2 /* libz.tbd */ = {isa = PBXFileReference; lastKnownFileType = "sourcecode.text-based-dylib-definition"; name = libz.tbd; path = usr/lib/libz.tbd; sourceTree = SDKROOT; };
		88D9823A1BF5B23E00A5C3A2 /* curl.h */ = {isa = PBXFileReference; fileEncoding = 4; lastKnownFileType = sourcecode.c.h; name = curl.h; path = ../../../libs/cURL/include/curl.h; sourceTree = "<group>"; };
		88D9823B1BF5B23E00A5C3A2 /* curlbuild.h */ = {isa = PBXFileReference; fileEncoding = 4; lastKnownFileType = sourcecode.c.h; name = curlbuild.h; path = ../../../libs/cURL/include/curlbuild.h; sourceTree = "<group>"; };
		88D9823C1BF5B23E00A5C3A2 /* curlrules.h */ = {isa = PBXFileReference; fileEncoding = 4; lastKnownFileType = sourcecode.c.h; name = curlrules.h; path = ../../../libs/cURL/include/curlrules.h; sourceTree = "<group>"; };
		88D9823D1BF5B23E00A5C3A2 /* curlver.h */ = {isa = PBXFileReference; fileEncoding = 4; lastKnownFileType = sourcecode.c.h; name = curlver.h; path = ../../../libs/cURL/include/curlver.h; sourceTree = "<group>"; };
		88D9823E1BF5B23E00A5C3A2 /* easy.h */ = {isa = PBXFileReference; fileEncoding = 4; lastKnownFileType = sourcecode.c.h; name = easy.h; path = ../../../libs/cURL/include/easy.h; sourceTree = "<group>"; };
		88D9823F1BF5B23E00A5C3A2 /* multi.h */ = {isa = PBXFileReference; fileEncoding = 4; lastKnownFileType = sourcecode.c.h; name = multi.h; path = ../../../libs/cURL/include/multi.h; sourceTree = "<group>"; };
		8E05B0E11BFC0D52005EB6D3 /* IOSMediaDecoder.h */ = {isa = PBXFileReference; fileEncoding = 4; lastKnownFileType = sourcecode.c.h; path = IOSMediaDecoder.h; sourceTree = "<group>"; };
		8E05B0E21BFC0D52005EB6D3 /* IOSMediaDecoder.mm */ = {isa = PBXFileReference; fileEncoding = 4; lastKnownFileType = sourcecode.cpp.objcpp; path = IOSMediaDecoder.mm; sourceTree = "<group>"; };
		8E05B0E31BFC0D52005EB6D3 /* IOSVideoDecoder.cpp */ = {isa = PBXFileReference; fileEncoding = 4; lastKnownFileType = sourcecode.cpp.cpp; path = IOSVideoDecoder.cpp; sourceTree = "<group>"; };
		8E05B0E41BFC0D52005EB6D3 /* IOSVideoDecoder.h */ = {isa = PBXFileReference; fileEncoding = 4; lastKnownFileType = sourcecode.c.h; path = IOSVideoDecoder.h; sourceTree = "<group>"; };
		8E05B0E71BFC11A1005EB6D3 /* IOSMediaData.cpp */ = {isa = PBXFileReference; fileEncoding = 4; lastKnownFileType = sourcecode.cpp.cpp; path = IOSMediaData.cpp; sourceTree = "<group>"; };
		8E05B0E81BFC11A1005EB6D3 /* IOSMediaData.h */ = {isa = PBXFileReference; fileEncoding = 4; lastKnownFileType = sourcecode.c.h; path = IOSMediaData.h; sourceTree = "<group>"; };
		9431C2761B61E91300E84CC5 /* AudioPlayDestination.cpp */ = {isa = PBXFileReference; fileEncoding = 4; lastKnownFileType = sourcecode.cpp.cpp; path = AudioPlayDestination.cpp; sourceTree = "<group>"; };
		9431C2771B61E91300E84CC5 /* AudioPlayDestination.h */ = {isa = PBXFileReference; fileEncoding = 4; lastKnownFileType = sourcecode.c.h; path = AudioPlayDestination.h; sourceTree = "<group>"; };
		9431C2791B61EB2C00E84CC5 /* AudioFragment.cpp */ = {isa = PBXFileReference; fileEncoding = 4; lastKnownFileType = sourcecode.cpp.cpp; name = AudioFragment.cpp; path = datatype/AudioFragment.cpp; sourceTree = "<group>"; };
		9431C27A1B61EB2C00E84CC5 /* AudioFragment.h */ = {isa = PBXFileReference; fileEncoding = 4; lastKnownFileType = sourcecode.c.h; name = AudioFragment.h; path = datatype/AudioFragment.h; sourceTree = "<group>"; };
		9431C27C1B62038800E84CC5 /* FFMpegAudioDecoder.cpp */ = {isa = PBXFileReference; fileEncoding = 4; lastKnownFileType = sourcecode.cpp.cpp; path = FFMpegAudioDecoder.cpp; sourceTree = "<group>"; };
		9431C27D1B62038800E84CC5 /* FFMpegAudioDecoder.h */ = {isa = PBXFileReference; fileEncoding = 4; lastKnownFileType = sourcecode.c.h; path = FFMpegAudioDecoder.h; sourceTree = "<group>"; };
		9431C2A01B66831C00E84CC5 /* AudioTypeDefs.h */ = {isa = PBXFileReference; fileEncoding = 4; lastKnownFileType = sourcecode.c.h; path = AudioTypeDefs.h; sourceTree = "<group>"; };
		9431C2A11B66831C00E84CC5 /* IAudioContext.h */ = {isa = PBXFileReference; fileEncoding = 4; lastKnownFileType = sourcecode.c.h; path = IAudioContext.h; sourceTree = "<group>"; };
		9431C2A21B66831C00E84CC5 /* OpenALAudioContext.h */ = {isa = PBXFileReference; fileEncoding = 4; lastKnownFileType = sourcecode.c.h; path = OpenALAudioContext.h; sourceTree = "<group>"; };
		9431C2A41B66831C00E84CC5 /* libAudio.a */ = {isa = PBXFileReference; lastKnownFileType = archive.ar; path = libAudio.a; sourceTree = "<group>"; };
		945397911B56395F00B51FDA /* task_processor_thread_pool.h */ = {isa = PBXFileReference; fileEncoding = 4; lastKnownFileType = sourcecode.c.h; path = task_processor_thread_pool.h; sourceTree = "<group>"; };
		945397921B56395F00B51FDA /* task_processor_thread.h */ = {isa = PBXFileReference; fileEncoding = 4; lastKnownFileType = sourcecode.c.h; path = task_processor_thread.h; sourceTree = "<group>"; };
		945397931B56395F00B51FDA /* task_queue.h */ = {isa = PBXFileReference; fileEncoding = 4; lastKnownFileType = sourcecode.c.h; path = task_queue.h; sourceTree = "<group>"; };
		945397941B564D9D00B51FDA /* synchronize.h */ = {isa = PBXFileReference; fileEncoding = 4; lastKnownFileType = sourcecode.c.h; path = synchronize.h; sourceTree = "<group>"; };
		9483DEC31B390ADC00306880 /* FFMpegVideoDecoder.cpp */ = {isa = PBXFileReference; fileEncoding = 4; lastKnownFileType = sourcecode.cpp.cpp; path = FFMpegVideoDecoder.cpp; sourceTree = "<group>"; };
		9483DEC41B390ADC00306880 /* FFMpegVideoDecoder.h */ = {isa = PBXFileReference; fileEncoding = 4; lastKnownFileType = sourcecode.c.h; path = FFMpegVideoDecoder.h; sourceTree = "<group>"; };
		9483DEED1B3A936100306880 /* RegisterProcedures.cpp */ = {isa = PBXFileReference; fileEncoding = 4; lastKnownFileType = sourcecode.cpp.cpp; path = RegisterProcedures.cpp; sourceTree = "<group>"; };
		9483DEEE1B3A936100306880 /* RegisterProcedures.h */ = {isa = PBXFileReference; fileEncoding = 4; lastKnownFileType = sourcecode.c.h; path = RegisterProcedures.h; sourceTree = "<group>"; };
		9483DEF91B3BB06800306880 /* TestVideoPlayer.mm */ = {isa = PBXFileReference; fileEncoding = 4; lastKnownFileType = sourcecode.cpp.objcpp; path = TestVideoPlayer.mm; sourceTree = "<group>"; };
		9483DF201B3BE2F300306880 /* libz.1.2.5.dylib */ = {isa = PBXFileReference; lastKnownFileType = "compiled.mach-o.dylib"; name = libz.1.2.5.dylib; path = usr/lib/libz.1.2.5.dylib; sourceTree = SDKROOT; };
		9483DF221B3BE31400306880 /* libiconv.2.4.0.dylib */ = {isa = PBXFileReference; lastKnownFileType = "compiled.mach-o.dylib"; name = libiconv.2.4.0.dylib; path = usr/lib/libiconv.2.4.0.dylib; sourceTree = SDKROOT; };
		9483DF241B3BE32F00306880 /* libbz2.1.0.dylib */ = {isa = PBXFileReference; lastKnownFileType = "compiled.mach-o.dylib"; name = libbz2.1.0.dylib; path = usr/lib/libbz2.1.0.dylib; sourceTree = SDKROOT; };
		9484768D1B280DE2000094DE /* libVideoPlayer.a */ = {isa = PBXFileReference; explicitFileType = archive.ar; includeInIndex = 0; path = libVideoPlayer.a; sourceTree = BUILT_PRODUCTS_DIR; };
		948476981B280DE2000094DE /* VideoPlayerTests.xctest */ = {isa = PBXFileReference; explicitFileType = wrapper.cfbundle; includeInIndex = 0; path = VideoPlayerTests.xctest; sourceTree = BUILT_PRODUCTS_DIR; };
		9484769E1B280DE2000094DE /* Info.plist */ = {isa = PBXFileReference; lastKnownFileType = text.plist.xml; path = Info.plist; sourceTree = "<group>"; };
		948476AA1B280FA1000094DE /* array_list.h */ = {isa = PBXFileReference; fileEncoding = 4; lastKnownFileType = sourcecode.c.h; path = array_list.h; sourceTree = "<group>"; };
		948476AB1B280FA1000094DE /* atomic.h */ = {isa = PBXFileReference; fileEncoding = 4; lastKnownFileType = sourcecode.c.h; path = atomic.h; sourceTree = "<group>"; };
		948476AC1B280FA1000094DE /* common_debug.h */ = {isa = PBXFileReference; fileEncoding = 4; lastKnownFileType = sourcecode.c.h; path = common_debug.h; sourceTree = "<group>"; };
		948476AD1B280FA1000094DE /* common_time.h */ = {isa = PBXFileReference; fileEncoding = 4; lastKnownFileType = sourcecode.c.h; path = common_time.h; sourceTree = "<group>"; };
		948476AE1B280FA1000094DE /* common_typedefs.h */ = {isa = PBXFileReference; fileEncoding = 4; lastKnownFileType = sourcecode.c.h; path = common_typedefs.h; sourceTree = "<group>"; };
		948476AF1B280FA1000094DE /* hash_map.h */ = {isa = PBXFileReference; fileEncoding = 4; lastKnownFileType = sourcecode.c.h; path = hash_map.h; sourceTree = "<group>"; };
		948476B01B280FA1000094DE /* hash_set.h */ = {isa = PBXFileReference; fileEncoding = 4; lastKnownFileType = sourcecode.c.h; path = hash_set.h; sourceTree = "<group>"; };
		948476B11B280FA1000094DE /* hash_table.h */ = {isa = PBXFileReference; fileEncoding = 4; lastKnownFileType = sourcecode.c.h; path = hash_table.h; sourceTree = "<group>"; };
		948476B21B280FA1000094DE /* list.h */ = {isa = PBXFileReference; fileEncoding = 4; lastKnownFileType = sourcecode.c.h; path = list.h; sourceTree = "<group>"; };
		948476B31B280FA1000094DE /* memory_pool.h */ = {isa = PBXFileReference; fileEncoding = 4; lastKnownFileType = sourcecode.c.h; path = memory_pool.h; sourceTree = "<group>"; };
		948476B41B280FA1000094DE /* object_pool.h */ = {isa = PBXFileReference; fileEncoding = 4; lastKnownFileType = sourcecode.c.h; path = object_pool.h; sourceTree = "<group>"; };
		948476B51B280FA1000094DE /* red_black_tree.h */ = {isa = PBXFileReference; fileEncoding = 4; lastKnownFileType = sourcecode.c.h; path = red_black_tree.h; sourceTree = "<group>"; };
		948476B61B280FA1000094DE /* thread.h */ = {isa = PBXFileReference; fileEncoding = 4; lastKnownFileType = sourcecode.c.h; path = thread.h; sourceTree = "<group>"; };
		948476B81B280FA1000094DE /* libcommon.a */ = {isa = PBXFileReference; lastKnownFileType = archive.ar; path = libcommon.a; sourceTree = "<group>"; };
		948476BC1B280FA1000094DE /* avcodec.h */ = {isa = PBXFileReference; fileEncoding = 4; lastKnownFileType = sourcecode.c.h; path = avcodec.h; sourceTree = "<group>"; };
		948476BD1B280FA1000094DE /* avfft.h */ = {isa = PBXFileReference; fileEncoding = 4; lastKnownFileType = sourcecode.c.h; path = avfft.h; sourceTree = "<group>"; };
		948476BE1B280FA1000094DE /* dv_profile.h */ = {isa = PBXFileReference; fileEncoding = 4; lastKnownFileType = sourcecode.c.h; path = dv_profile.h; sourceTree = "<group>"; };
		948476BF1B280FA1000094DE /* dxva2.h */ = {isa = PBXFileReference; fileEncoding = 4; lastKnownFileType = sourcecode.c.h; path = dxva2.h; sourceTree = "<group>"; };
		948476C01B280FA1000094DE /* old_codec_ids.h */ = {isa = PBXFileReference; fileEncoding = 4; lastKnownFileType = sourcecode.c.h; path = old_codec_ids.h; sourceTree = "<group>"; };
		948476C11B280FA1000094DE /* qsv.h */ = {isa = PBXFileReference; fileEncoding = 4; lastKnownFileType = sourcecode.c.h; path = qsv.h; sourceTree = "<group>"; };
		948476C21B280FA1000094DE /* vaapi.h */ = {isa = PBXFileReference; fileEncoding = 4; lastKnownFileType = sourcecode.c.h; path = vaapi.h; sourceTree = "<group>"; };
		948476C31B280FA1000094DE /* vda.h */ = {isa = PBXFileReference; fileEncoding = 4; lastKnownFileType = sourcecode.c.h; path = vda.h; sourceTree = "<group>"; };
		948476C41B280FA1000094DE /* vdpau.h */ = {isa = PBXFileReference; fileEncoding = 4; lastKnownFileType = sourcecode.c.h; path = vdpau.h; sourceTree = "<group>"; };
		948476C51B280FA1000094DE /* version.h */ = {isa = PBXFileReference; fileEncoding = 4; lastKnownFileType = sourcecode.c.h; path = version.h; sourceTree = "<group>"; };
		948476C61B280FA1000094DE /* vorbis_parser.h */ = {isa = PBXFileReference; fileEncoding = 4; lastKnownFileType = sourcecode.c.h; path = vorbis_parser.h; sourceTree = "<group>"; };
		948476C71B280FA1000094DE /* xvmc.h */ = {isa = PBXFileReference; fileEncoding = 4; lastKnownFileType = sourcecode.c.h; path = xvmc.h; sourceTree = "<group>"; };
		948476C91B280FA1000094DE /* avdevice.h */ = {isa = PBXFileReference; fileEncoding = 4; lastKnownFileType = sourcecode.c.h; path = avdevice.h; sourceTree = "<group>"; };
		948476CA1B280FA1000094DE /* version.h */ = {isa = PBXFileReference; fileEncoding = 4; lastKnownFileType = sourcecode.c.h; path = version.h; sourceTree = "<group>"; };
		948476CC1B280FA1000094DE /* asrc_abuffer.h */ = {isa = PBXFileReference; fileEncoding = 4; lastKnownFileType = sourcecode.c.h; path = asrc_abuffer.h; sourceTree = "<group>"; };
		948476CD1B280FA1000094DE /* avcodec.h */ = {isa = PBXFileReference; fileEncoding = 4; lastKnownFileType = sourcecode.c.h; path = avcodec.h; sourceTree = "<group>"; };
		948476CE1B280FA1000094DE /* avfilter.h */ = {isa = PBXFileReference; fileEncoding = 4; lastKnownFileType = sourcecode.c.h; path = avfilter.h; sourceTree = "<group>"; };
		948476CF1B280FA1000094DE /* avfiltergraph.h */ = {isa = PBXFileReference; fileEncoding = 4; lastKnownFileType = sourcecode.c.h; path = avfiltergraph.h; sourceTree = "<group>"; };
		948476D01B280FA1000094DE /* buffersink.h */ = {isa = PBXFileReference; fileEncoding = 4; lastKnownFileType = sourcecode.c.h; path = buffersink.h; sourceTree = "<group>"; };
		948476D11B280FA1000094DE /* buffersrc.h */ = {isa = PBXFileReference; fileEncoding = 4; lastKnownFileType = sourcecode.c.h; path = buffersrc.h; sourceTree = "<group>"; };
		948476D21B280FA1000094DE /* version.h */ = {isa = PBXFileReference; fileEncoding = 4; lastKnownFileType = sourcecode.c.h; path = version.h; sourceTree = "<group>"; };
		948476D41B280FA1000094DE /* avformat.h */ = {isa = PBXFileReference; fileEncoding = 4; lastKnownFileType = sourcecode.c.h; path = avformat.h; sourceTree = "<group>"; };
		948476D51B280FA1000094DE /* avio.h */ = {isa = PBXFileReference; fileEncoding = 4; lastKnownFileType = sourcecode.c.h; path = avio.h; sourceTree = "<group>"; };
		948476D61B280FA1000094DE /* version.h */ = {isa = PBXFileReference; fileEncoding = 4; lastKnownFileType = sourcecode.c.h; path = version.h; sourceTree = "<group>"; };
		948476D81B280FA1000094DE /* adler32.h */ = {isa = PBXFileReference; fileEncoding = 4; lastKnownFileType = sourcecode.c.h; path = adler32.h; sourceTree = "<group>"; };
		948476D91B280FA1000094DE /* aes.h */ = {isa = PBXFileReference; fileEncoding = 4; lastKnownFileType = sourcecode.c.h; path = aes.h; sourceTree = "<group>"; };
		948476DA1B280FA1000094DE /* attributes.h */ = {isa = PBXFileReference; fileEncoding = 4; lastKnownFileType = sourcecode.c.h; path = attributes.h; sourceTree = "<group>"; };
		948476DB1B280FA1000094DE /* audio_fifo.h */ = {isa = PBXFileReference; fileEncoding = 4; lastKnownFileType = sourcecode.c.h; path = audio_fifo.h; sourceTree = "<group>"; };
		948476DC1B280FA1000094DE /* audioconvert.h */ = {isa = PBXFileReference; fileEncoding = 4; lastKnownFileType = sourcecode.c.h; path = audioconvert.h; sourceTree = "<group>"; };
		948476DD1B280FA1000094DE /* avassert.h */ = {isa = PBXFileReference; fileEncoding = 4; lastKnownFileType = sourcecode.c.h; path = avassert.h; sourceTree = "<group>"; };
		948476DE1B280FA1000094DE /* avconfig.h */ = {isa = PBXFileReference; fileEncoding = 4; lastKnownFileType = sourcecode.c.h; path = avconfig.h; sourceTree = "<group>"; };
		948476DF1B280FA1000094DE /* avstring.h */ = {isa = PBXFileReference; fileEncoding = 4; lastKnownFileType = sourcecode.c.h; path = avstring.h; sourceTree = "<group>"; };
		948476E01B280FA1000094DE /* avutil.h */ = {isa = PBXFileReference; fileEncoding = 4; lastKnownFileType = sourcecode.c.h; path = avutil.h; sourceTree = "<group>"; };
		948476E11B280FA1000094DE /* base64.h */ = {isa = PBXFileReference; fileEncoding = 4; lastKnownFileType = sourcecode.c.h; path = base64.h; sourceTree = "<group>"; };
		948476E21B280FA1000094DE /* blowfish.h */ = {isa = PBXFileReference; fileEncoding = 4; lastKnownFileType = sourcecode.c.h; path = blowfish.h; sourceTree = "<group>"; };
		948476E31B280FA1000094DE /* bprint.h */ = {isa = PBXFileReference; fileEncoding = 4; lastKnownFileType = sourcecode.c.h; path = bprint.h; sourceTree = "<group>"; };
		948476E41B280FA1000094DE /* bswap.h */ = {isa = PBXFileReference; fileEncoding = 4; lastKnownFileType = sourcecode.c.h; path = bswap.h; sourceTree = "<group>"; };
		948476E51B280FA1000094DE /* buffer.h */ = {isa = PBXFileReference; fileEncoding = 4; lastKnownFileType = sourcecode.c.h; path = buffer.h; sourceTree = "<group>"; };
		948476E61B280FA1000094DE /* camellia.h */ = {isa = PBXFileReference; fileEncoding = 4; lastKnownFileType = sourcecode.c.h; path = camellia.h; sourceTree = "<group>"; };
		948476E71B280FA1000094DE /* cast5.h */ = {isa = PBXFileReference; fileEncoding = 4; lastKnownFileType = sourcecode.c.h; path = cast5.h; sourceTree = "<group>"; };
		948476E81B280FA1000094DE /* channel_layout.h */ = {isa = PBXFileReference; fileEncoding = 4; lastKnownFileType = sourcecode.c.h; path = channel_layout.h; sourceTree = "<group>"; };
		948476E91B280FA1000094DE /* common.h */ = {isa = PBXFileReference; fileEncoding = 4; lastKnownFileType = sourcecode.c.h; path = common.h; sourceTree = "<group>"; };
		948476EA1B280FA1000094DE /* cpu.h */ = {isa = PBXFileReference; fileEncoding = 4; lastKnownFileType = sourcecode.c.h; path = cpu.h; sourceTree = "<group>"; };
		948476EB1B280FA1000094DE /* crc.h */ = {isa = PBXFileReference; fileEncoding = 4; lastKnownFileType = sourcecode.c.h; path = crc.h; sourceTree = "<group>"; };
		948476EC1B280FA1000094DE /* dict.h */ = {isa = PBXFileReference; fileEncoding = 4; lastKnownFileType = sourcecode.c.h; path = dict.h; sourceTree = "<group>"; };
		948476ED1B280FA1000094DE /* display.h */ = {isa = PBXFileReference; fileEncoding = 4; lastKnownFileType = sourcecode.c.h; path = display.h; sourceTree = "<group>"; };
		948476EE1B280FA1000094DE /* downmix_info.h */ = {isa = PBXFileReference; fileEncoding = 4; lastKnownFileType = sourcecode.c.h; path = downmix_info.h; sourceTree = "<group>"; };
		948476EF1B280FA1000094DE /* error.h */ = {isa = PBXFileReference; fileEncoding = 4; lastKnownFileType = sourcecode.c.h; path = error.h; sourceTree = "<group>"; };
		948476F01B280FA1000094DE /* eval.h */ = {isa = PBXFileReference; fileEncoding = 4; lastKnownFileType = sourcecode.c.h; path = eval.h; sourceTree = "<group>"; };
		948476F11B280FA1000094DE /* ffversion.h */ = {isa = PBXFileReference; fileEncoding = 4; lastKnownFileType = sourcecode.c.h; path = ffversion.h; sourceTree = "<group>"; };
		948476F21B280FA1000094DE /* fifo.h */ = {isa = PBXFileReference; fileEncoding = 4; lastKnownFileType = sourcecode.c.h; path = fifo.h; sourceTree = "<group>"; };
		948476F31B280FA1000094DE /* file.h */ = {isa = PBXFileReference; fileEncoding = 4; lastKnownFileType = sourcecode.c.h; path = file.h; sourceTree = "<group>"; };
		948476F41B280FA1000094DE /* frame.h */ = {isa = PBXFileReference; fileEncoding = 4; lastKnownFileType = sourcecode.c.h; path = frame.h; sourceTree = "<group>"; };
		948476F51B280FA1000094DE /* hash.h */ = {isa = PBXFileReference; fileEncoding = 4; lastKnownFileType = sourcecode.c.h; path = hash.h; sourceTree = "<group>"; };
		948476F61B280FA1000094DE /* hmac.h */ = {isa = PBXFileReference; fileEncoding = 4; lastKnownFileType = sourcecode.c.h; path = hmac.h; sourceTree = "<group>"; };
		948476F71B280FA1000094DE /* imgutils.h */ = {isa = PBXFileReference; fileEncoding = 4; lastKnownFileType = sourcecode.c.h; path = imgutils.h; sourceTree = "<group>"; };
		948476F81B280FA1000094DE /* intfloat.h */ = {isa = PBXFileReference; fileEncoding = 4; lastKnownFileType = sourcecode.c.h; path = intfloat.h; sourceTree = "<group>"; };
		948476F91B280FA1000094DE /* intreadwrite.h */ = {isa = PBXFileReference; fileEncoding = 4; lastKnownFileType = sourcecode.c.h; path = intreadwrite.h; sourceTree = "<group>"; };
		948476FA1B280FA1000094DE /* lfg.h */ = {isa = PBXFileReference; fileEncoding = 4; lastKnownFileType = sourcecode.c.h; path = lfg.h; sourceTree = "<group>"; };
		948476FB1B280FA1000094DE /* log.h */ = {isa = PBXFileReference; fileEncoding = 4; lastKnownFileType = sourcecode.c.h; path = log.h; sourceTree = "<group>"; };
		948476FC1B280FA1000094DE /* lzo.h */ = {isa = PBXFileReference; fileEncoding = 4; lastKnownFileType = sourcecode.c.h; path = lzo.h; sourceTree = "<group>"; };
		948476FD1B280FA1000094DE /* macros.h */ = {isa = PBXFileReference; fileEncoding = 4; lastKnownFileType = sourcecode.c.h; path = macros.h; sourceTree = "<group>"; };
		948476FE1B280FA1000094DE /* mathematics.h */ = {isa = PBXFileReference; fileEncoding = 4; lastKnownFileType = sourcecode.c.h; path = mathematics.h; sourceTree = "<group>"; };
		948476FF1B280FA1000094DE /* md5.h */ = {isa = PBXFileReference; fileEncoding = 4; lastKnownFileType = sourcecode.c.h; path = md5.h; sourceTree = "<group>"; };
		948477001B280FA1000094DE /* mem.h */ = {isa = PBXFileReference; fileEncoding = 4; lastKnownFileType = sourcecode.c.h; path = mem.h; sourceTree = "<group>"; };
		948477011B280FA1000094DE /* motion_vector.h */ = {isa = PBXFileReference; fileEncoding = 4; lastKnownFileType = sourcecode.c.h; path = motion_vector.h; sourceTree = "<group>"; };
		948477021B280FA1000094DE /* murmur3.h */ = {isa = PBXFileReference; fileEncoding = 4; lastKnownFileType = sourcecode.c.h; path = murmur3.h; sourceTree = "<group>"; };
		948477031B280FA1000094DE /* old_pix_fmts.h */ = {isa = PBXFileReference; fileEncoding = 4; lastKnownFileType = sourcecode.c.h; path = old_pix_fmts.h; sourceTree = "<group>"; };
		948477041B280FA1000094DE /* opt.h */ = {isa = PBXFileReference; fileEncoding = 4; lastKnownFileType = sourcecode.c.h; path = opt.h; sourceTree = "<group>"; };
		948477051B280FA1000094DE /* parseutils.h */ = {isa = PBXFileReference; fileEncoding = 4; lastKnownFileType = sourcecode.c.h; path = parseutils.h; sourceTree = "<group>"; };
		948477061B280FA1000094DE /* pixdesc.h */ = {isa = PBXFileReference; fileEncoding = 4; lastKnownFileType = sourcecode.c.h; path = pixdesc.h; sourceTree = "<group>"; };
		948477071B280FA1000094DE /* pixelutils.h */ = {isa = PBXFileReference; fileEncoding = 4; lastKnownFileType = sourcecode.c.h; path = pixelutils.h; sourceTree = "<group>"; };
		948477081B280FA1000094DE /* pixfmt.h */ = {isa = PBXFileReference; fileEncoding = 4; lastKnownFileType = sourcecode.c.h; path = pixfmt.h; sourceTree = "<group>"; };
		948477091B280FA1000094DE /* random_seed.h */ = {isa = PBXFileReference; fileEncoding = 4; lastKnownFileType = sourcecode.c.h; path = random_seed.h; sourceTree = "<group>"; };
		9484770A1B280FA1000094DE /* rational.h */ = {isa = PBXFileReference; fileEncoding = 4; lastKnownFileType = sourcecode.c.h; path = rational.h; sourceTree = "<group>"; };
		9484770B1B280FA1000094DE /* replaygain.h */ = {isa = PBXFileReference; fileEncoding = 4; lastKnownFileType = sourcecode.c.h; path = replaygain.h; sourceTree = "<group>"; };
		9484770C1B280FA1000094DE /* ripemd.h */ = {isa = PBXFileReference; fileEncoding = 4; lastKnownFileType = sourcecode.c.h; path = ripemd.h; sourceTree = "<group>"; };
		9484770D1B280FA1000094DE /* samplefmt.h */ = {isa = PBXFileReference; fileEncoding = 4; lastKnownFileType = sourcecode.c.h; path = samplefmt.h; sourceTree = "<group>"; };
		9484770E1B280FA1000094DE /* sha.h */ = {isa = PBXFileReference; fileEncoding = 4; lastKnownFileType = sourcecode.c.h; path = sha.h; sourceTree = "<group>"; };
		9484770F1B280FA1000094DE /* sha512.h */ = {isa = PBXFileReference; fileEncoding = 4; lastKnownFileType = sourcecode.c.h; path = sha512.h; sourceTree = "<group>"; };
		948477101B280FA1000094DE /* stereo3d.h */ = {isa = PBXFileReference; fileEncoding = 4; lastKnownFileType = sourcecode.c.h; path = stereo3d.h; sourceTree = "<group>"; };
		948477111B280FA1000094DE /* threadmessage.h */ = {isa = PBXFileReference; fileEncoding = 4; lastKnownFileType = sourcecode.c.h; path = threadmessage.h; sourceTree = "<group>"; };
		948477121B280FA1000094DE /* time.h */ = {isa = PBXFileReference; fileEncoding = 4; lastKnownFileType = sourcecode.c.h; path = time.h; sourceTree = "<group>"; };
		948477131B280FA1000094DE /* timecode.h */ = {isa = PBXFileReference; fileEncoding = 4; lastKnownFileType = sourcecode.c.h; path = timecode.h; sourceTree = "<group>"; };
		948477141B280FA1000094DE /* timestamp.h */ = {isa = PBXFileReference; fileEncoding = 4; lastKnownFileType = sourcecode.c.h; path = timestamp.h; sourceTree = "<group>"; };
		948477151B280FA1000094DE /* twofish.h */ = {isa = PBXFileReference; fileEncoding = 4; lastKnownFileType = sourcecode.c.h; path = twofish.h; sourceTree = "<group>"; };
		948477161B280FA1000094DE /* version.h */ = {isa = PBXFileReference; fileEncoding = 4; lastKnownFileType = sourcecode.c.h; path = version.h; sourceTree = "<group>"; };
		948477171B280FA1000094DE /* xtea.h */ = {isa = PBXFileReference; fileEncoding = 4; lastKnownFileType = sourcecode.c.h; path = xtea.h; sourceTree = "<group>"; };
		948477191B280FA1000094DE /* swresample.h */ = {isa = PBXFileReference; fileEncoding = 4; lastKnownFileType = sourcecode.c.h; path = swresample.h; sourceTree = "<group>"; };
		9484771A1B280FA1000094DE /* version.h */ = {isa = PBXFileReference; fileEncoding = 4; lastKnownFileType = sourcecode.c.h; path = version.h; sourceTree = "<group>"; };
		9484771C1B280FA1000094DE /* swscale.h */ = {isa = PBXFileReference; fileEncoding = 4; lastKnownFileType = sourcecode.c.h; path = swscale.h; sourceTree = "<group>"; };
		9484771D1B280FA1000094DE /* version.h */ = {isa = PBXFileReference; fileEncoding = 4; lastKnownFileType = sourcecode.c.h; path = version.h; sourceTree = "<group>"; };
		9484771F1B280FA1000094DE /* libavcodec.a */ = {isa = PBXFileReference; lastKnownFileType = archive.ar; path = libavcodec.a; sourceTree = "<group>"; };
		948477201B280FA1000094DE /* libavdevice.a */ = {isa = PBXFileReference; lastKnownFileType = archive.ar; path = libavdevice.a; sourceTree = "<group>"; };
		948477211B280FA1000094DE /* libavfilter.a */ = {isa = PBXFileReference; lastKnownFileType = archive.ar; path = libavfilter.a; sourceTree = "<group>"; };
		948477221B280FA1000094DE /* libavformat.a */ = {isa = PBXFileReference; lastKnownFileType = archive.ar; path = libavformat.a; sourceTree = "<group>"; };
		948477231B280FA1000094DE /* libavutil.a */ = {isa = PBXFileReference; lastKnownFileType = archive.ar; path = libavutil.a; sourceTree = "<group>"; };
		948477241B280FA1000094DE /* libswresample.a */ = {isa = PBXFileReference; lastKnownFileType = archive.ar; path = libswresample.a; sourceTree = "<group>"; };
		948477251B280FA1000094DE /* libswscale.a */ = {isa = PBXFileReference; lastKnownFileType = archive.ar; path = libswscale.a; sourceTree = "<group>"; };
		948477281B280FA1000094DE /* Font.h */ = {isa = PBXFileReference; fileEncoding = 4; lastKnownFileType = sourcecode.c.h; path = Font.h; sourceTree = "<group>"; };
		948477291B280FA1000094DE /* GLESGraphicContext.h */ = {isa = PBXFileReference; fileEncoding = 4; lastKnownFileType = sourcecode.c.h; path = GLESGraphicContext.h; sourceTree = "<group>"; };
		9484772A1B280FA1000094DE /* GraphicMath.h */ = {isa = PBXFileReference; fileEncoding = 4; lastKnownFileType = sourcecode.c.h; path = GraphicMath.h; sourceTree = "<group>"; };
		9484772B1B280FA1000094DE /* GraphicResourceMgr.h */ = {isa = PBXFileReference; fileEncoding = 4; lastKnownFileType = sourcecode.c.h; path = GraphicResourceMgr.h; sourceTree = "<group>"; };
		9484772C1B280FA1000094DE /* GraphicTypeDef.h */ = {isa = PBXFileReference; fileEncoding = 4; lastKnownFileType = sourcecode.c.h; path = GraphicTypeDef.h; sourceTree = "<group>"; };
		9484772D1B280FA1000094DE /* GraphicTypes.h */ = {isa = PBXFileReference; fileEncoding = 4; lastKnownFileType = sourcecode.c.h; path = GraphicTypes.h; sourceTree = "<group>"; };
		9484772E1B280FA1000094DE /* GraphicUtil.h */ = {isa = PBXFileReference; fileEncoding = 4; lastKnownFileType = sourcecode.c.h; path = GraphicUtil.h; sourceTree = "<group>"; };
		9484772F1B280FA1000094DE /* IGraphicContext.h */ = {isa = PBXFileReference; fileEncoding = 4; lastKnownFileType = sourcecode.c.h; path = IGraphicContext.h; sourceTree = "<group>"; };
		948477301B280FA1000094DE /* iphoneFont.h */ = {isa = PBXFileReference; fileEncoding = 4; lastKnownFileType = sourcecode.c.h; path = iphoneFont.h; sourceTree = "<group>"; };
		948477321B280FA1000094DE /* libGraphic.a */ = {isa = PBXFileReference; lastKnownFileType = archive.ar; path = libGraphic.a; sourceTree = "<group>"; };
		948477351B280FA1000094DE /* pipeline.h */ = {isa = PBXFileReference; fileEncoding = 4; lastKnownFileType = sourcecode.c.h; path = pipeline.h; sourceTree = "<group>"; };
		948477361B280FA1000094DE /* pipeline_builder.h */ = {isa = PBXFileReference; fileEncoding = 4; lastKnownFileType = sourcecode.c.h; path = pipeline_builder.h; sourceTree = "<group>"; };
		948477371B280FA1000094DE /* pipeline_procedure.h */ = {isa = PBXFileReference; fileEncoding = 4; lastKnownFileType = sourcecode.c.h; path = pipeline_procedure.h; sourceTree = "<group>"; };
		9484773A1B280FA1000094DE /* task.h */ = {isa = PBXFileReference; fileEncoding = 4; lastKnownFileType = sourcecode.c.h; path = task.h; sourceTree = "<group>"; };
		9484773B1B280FA1000094DE /* task_processor.h */ = {isa = PBXFileReference; fileEncoding = 4; lastKnownFileType = sourcecode.c.h; path = task_processor.h; sourceTree = "<group>"; };
		9484773E1B280FA1000094DE /* libtask.a */ = {isa = PBXFileReference; lastKnownFileType = archive.ar; path = libtask.a; sourceTree = "<group>"; };
		9484774A1B2812B8000094DE /* VideoPlayer.h */ = {isa = PBXFileReference; fileEncoding = 4; lastKnownFileType = sourcecode.c.h; path = VideoPlayer.h; sourceTree = "<group>"; };
		9484774D1B2812B8000094DE /* GraphicDisplayDestination.cpp */ = {isa = PBXFileReference; fileEncoding = 4; lastKnownFileType = sourcecode.cpp.cpp; path = GraphicDisplayDestination.cpp; sourceTree = "<group>"; };
		9484774E1B2812B8000094DE /* GraphicDisplayDestination.h */ = {isa = PBXFileReference; fileEncoding = 4; lastKnownFileType = sourcecode.c.h; path = GraphicDisplayDestination.h; sourceTree = "<group>"; };
		9484774F1B2812B8000094DE /* PlayerDestination.cpp */ = {isa = PBXFileReference; fileEncoding = 4; lastKnownFileType = sourcecode.cpp.cpp; path = PlayerDestination.cpp; sourceTree = "<group>"; };
		948477501B2812B8000094DE /* PlayerDestination.h */ = {isa = PBXFileReference; fileEncoding = 4; lastKnownFileType = sourcecode.c.h; path = PlayerDestination.h; sourceTree = "<group>"; };
		948477521B2812B8000094DE /* PlayerFilter.cpp */ = {isa = PBXFileReference; fileEncoding = 4; lastKnownFileType = sourcecode.cpp.cpp; path = PlayerFilter.cpp; sourceTree = "<group>"; };
		948477531B2812B8000094DE /* PlayerFilter.h */ = {isa = PBXFileReference; fileEncoding = 4; lastKnownFileType = sourcecode.c.h; path = PlayerFilter.h; sourceTree = "<group>"; };
		948477541B2812B8000094DE /* PlayerProcedure.cpp */ = {isa = PBXFileReference; fileEncoding = 4; lastKnownFileType = sourcecode.cpp.cpp; path = PlayerProcedure.cpp; sourceTree = "<group>"; };
		948477551B2812B8000094DE /* PlayerProcedure.h */ = {isa = PBXFileReference; fileEncoding = 4; lastKnownFileType = sourcecode.c.h; path = PlayerProcedure.h; sourceTree = "<group>"; };
		948477561B2812B8000094DE /* PlayerTypes.h */ = {isa = PBXFileReference; fileEncoding = 4; lastKnownFileType = sourcecode.c.h; path = PlayerTypes.h; sourceTree = "<group>"; };
		948477581B2812B8000094DE /* PlayerDataSource.cpp */ = {isa = PBXFileReference; fileEncoding = 4; lastKnownFileType = sourcecode.cpp.cpp; path = PlayerDataSource.cpp; sourceTree = "<group>"; };
		948477591B2812B8000094DE /* PlayerDataSource.h */ = {isa = PBXFileReference; fileEncoding = 4; lastKnownFileType = sourcecode.c.h; path = PlayerDataSource.h; sourceTree = "<group>"; };
		9484775A1B2812B8000094DE /* VideoPlayer.cpp */ = {isa = PBXFileReference; fileEncoding = 4; lastKnownFileType = sourcecode.cpp.cpp; path = VideoPlayer.cpp; sourceTree = "<group>"; };
		948477821B2955A5000094DE /* RGBATexture.h */ = {isa = PBXFileReference; lastKnownFileType = sourcecode.c.h; name = RGBATexture.h; path = datatype/RGBATexture.h; sourceTree = "<group>"; };
		948477851B297B04000094DE /* RGBATexture.cpp */ = {isa = PBXFileReference; fileEncoding = 4; lastKnownFileType = sourcecode.cpp.cpp; name = RGBATexture.cpp; path = datatype/RGBATexture.cpp; sourceTree = "<group>"; };
		9484781C1B2A8035000094DE /* FFMpegData.cpp */ = {isa = PBXFileReference; fileEncoding = 4; lastKnownFileType = sourcecode.cpp.cpp; name = FFMpegData.cpp; path = datatype/FFMpegData.cpp; sourceTree = "<group>"; };
		9484781D1B2A8035000094DE /* FFMpegData.h */ = {isa = PBXFileReference; fileEncoding = 4; lastKnownFileType = sourcecode.c.h; name = FFMpegData.h; path = datatype/FFMpegData.h; sourceTree = "<group>"; };
		9484781F1B2A8859000094DE /* FFMpegStream.cpp */ = {isa = PBXFileReference; fileEncoding = 4; lastKnownFileType = sourcecode.cpp.cpp; path = FFMpegStream.cpp; sourceTree = "<group>"; };
		948478201B2A8859000094DE /* FFMpegStream.h */ = {isa = PBXFileReference; fileEncoding = 4; lastKnownFileType = sourcecode.c.h; path = FFMpegStream.h; sourceTree = "<group>"; };
		948714941B5E2AA6004E1167 /* PlayerControl.cpp */ = {isa = PBXFileReference; fileEncoding = 4; lastKnownFileType = sourcecode.cpp.cpp; path = PlayerControl.cpp; sourceTree = "<group>"; };
		948714951B5E2AA6004E1167 /* PlayerControl.h */ = {isa = PBXFileReference; fileEncoding = 4; lastKnownFileType = sourcecode.c.h; path = PlayerControl.h; sourceTree = "<group>"; };
		94C7E0A81BC9123400D6C613 /* VideoPlayerInternal.cpp */ = {isa = PBXFileReference; fileEncoding = 4; lastKnownFileType = sourcecode.cpp.cpp; path = VideoPlayerInternal.cpp; sourceTree = "<group>"; };
		94C7E0A91BC9123400D6C613 /* VideoPlayerInternal.h */ = {isa = PBXFileReference; fileEncoding = 4; lastKnownFileType = sourcecode.c.h; path = VideoPlayerInternal.h; sourceTree = "<group>"; };
/* End PBXFileReference section */

/* Begin PBXFrameworksBuildPhase section */
		9484768A1B280DE2000094DE /* Frameworks */ = {
			isa = PBXFrameworksBuildPhase;
			buildActionMask = 2147483647;
			files = (
				884B55AA1BFACF070048DA12 /* libcurl.a in Frameworks */,
				9483DF171B3BE15900306880 /* libavcodec.a in Frameworks */,
				9483DF181B3BE15900306880 /* libavdevice.a in Frameworks */,
				9483DF191B3BE15900306880 /* libavfilter.a in Frameworks */,
				9483DF1A1B3BE15900306880 /* libavformat.a in Frameworks */,
				9483DF1B1B3BE15900306880 /* libavutil.a in Frameworks */,
				9483DF1C1B3BE15900306880 /* libswresample.a in Frameworks */,
				9483DF1D1B3BE15900306880 /* libswscale.a in Frameworks */,
				9483DF161B3BE14B00306880 /* libcommon.a in Frameworks */,
				9483DF151B3BE13100306880 /* libtask.a in Frameworks */,
			);
			runOnlyForDeploymentPostprocessing = 0;
		};
		948476951B280DE2000094DE /* Frameworks */ = {
			isa = PBXFrameworksBuildPhase;
			buildActionMask = 2147483647;
			files = (
				9483DF251B3BE32F00306880 /* libbz2.1.0.dylib in Frameworks */,
				9483DF231B3BE31400306880 /* libiconv.2.4.0.dylib in Frameworks */,
				9483DF211B3BE2F300306880 /* libz.1.2.5.dylib in Frameworks */,
				9483DF041B3BDCCB00306880 /* libVideoPlayer.a in Frameworks */,
				9483DF021B3BD0A100306880 /* libGraphic.a in Frameworks */,
			);
			runOnlyForDeploymentPostprocessing = 0;
		};
/* End PBXFrameworksBuildPhase section */

/* Begin PBXGroup section */
		884B55951BF9622A0048DA12 /* hls */ = {
			isa = PBXGroup;
			children = (
				884B55921BF95E3B0048DA12 /* HLSData.cpp */,
				884B55931BF95E3B0048DA12 /* HLSData.h */,
				884B55961BF962620048DA12 /* HLSDownloadUrl.cpp */,
				884B55971BF962620048DA12 /* HLSDownloadUrl.h */,
				884B55991BF96D660048DA12 /* HLSDownloadTS.cpp */,
				884B559A1BF96D660048DA12 /* HLSDownloadTS.h */,
				884B559C1BF9701C0048DA12 /* HLScURL.cpp */,
				884B559D1BF9701C0048DA12 /* HLScURL.h */,
			);
			name = hls;
			sourceTree = "<group>";
		};
		88D982121BF5AB8400A5C3A2 /* cURL */ = {
			isa = PBXGroup;
			children = (
				88D982141BF5AB9100A5C3A2 /* lib */,
				88D982131BF5AB8B00A5C3A2 /* include */,
			);
			name = cURL;
			sourceTree = "<group>";
		};
		88D982131BF5AB8B00A5C3A2 /* include */ = {
			isa = PBXGroup;
			children = (
				88D9823A1BF5B23E00A5C3A2 /* curl.h */,
				88D9823B1BF5B23E00A5C3A2 /* curlbuild.h */,
				88D9823C1BF5B23E00A5C3A2 /* curlrules.h */,
				88D9823D1BF5B23E00A5C3A2 /* curlver.h */,
				88D9823E1BF5B23E00A5C3A2 /* easy.h */,
				88D9823F1BF5B23E00A5C3A2 /* multi.h */,
			);
			name = include;
			sourceTree = "<group>";
		};
		88D982141BF5AB9100A5C3A2 /* lib */ = {
			isa = PBXGroup;
			children = (
				884B55A91BFACF070048DA12 /* libcurl.a */,
			);
			name = lib;
			sourceTree = "<group>";
		};
		9431C29E1B66831C00E84CC5 /* Audio */ = {
			isa = PBXGroup;
			children = (
				9431C29F1B66831C00E84CC5 /* include */,
				9431C2A31B66831C00E84CC5 /* lib */,
			);
			name = Audio;
			path = ../../../libs/Audio;
			sourceTree = "<group>";
		};
		9431C29F1B66831C00E84CC5 /* include */ = {
			isa = PBXGroup;
			children = (
				9431C2A01B66831C00E84CC5 /* AudioTypeDefs.h */,
				9431C2A11B66831C00E84CC5 /* IAudioContext.h */,
				9431C2A21B66831C00E84CC5 /* OpenALAudioContext.h */,
			);
			path = include;
			sourceTree = "<group>";
		};
		9431C2A31B66831C00E84CC5 /* lib */ = {
			isa = PBXGroup;
			children = (
				9431C2A41B66831C00E84CC5 /* libAudio.a */,
			);
			path = lib;
			sourceTree = "<group>";
		};
		948476841B280DE2000094DE = {
			isa = PBXGroup;
			children = (
				948477491B2812B8000094DE /* include */,
				9484774B1B2812B8000094DE /* src */,
				948476A71B280F8B000094DE /* Frameworks */,
				9484769C1B280DE2000094DE /* VideoPlayerTests */,
				9484768E1B280DE2000094DE /* Products */,
			);
			sourceTree = "<group>";
		};
		9484768E1B280DE2000094DE /* Products */ = {
			isa = PBXGroup;
			children = (
				9484768D1B280DE2000094DE /* libVideoPlayer.a */,
				948476981B280DE2000094DE /* VideoPlayerTests.xctest */,
			);
			name = Products;
			sourceTree = "<group>";
		};
		9484769C1B280DE2000094DE /* VideoPlayerTests */ = {
			isa = PBXGroup;
			children = (
				9484769D1B280DE2000094DE /* Supporting Files */,
				9483DEF91B3BB06800306880 /* TestVideoPlayer.mm */,
			);
			path = VideoPlayerTests;
			sourceTree = "<group>";
		};
		9484769D1B280DE2000094DE /* Supporting Files */ = {
			isa = PBXGroup;
			children = (
				9484769E1B280DE2000094DE /* Info.plist */,
			);
			name = "Supporting Files";
			sourceTree = "<group>";
		};
		948476A71B280F8B000094DE /* Frameworks */ = {
			isa = PBXGroup;
			children = (
				88D9821E1BF5AF1F00A5C3A2 /* libz.tbd */,
				88D982121BF5AB8400A5C3A2 /* cURL */,
				9431C29E1B66831C00E84CC5 /* Audio */,
				9483DF241B3BE32F00306880 /* libbz2.1.0.dylib */,
				9483DF221B3BE31400306880 /* libiconv.2.4.0.dylib */,
				9483DF201B3BE2F300306880 /* libz.1.2.5.dylib */,
				948476A81B280FA1000094DE /* common */,
				948476B91B280FA1000094DE /* ffmpeg */,
				948477261B280FA1000094DE /* Graphic */,
				948477331B280FA1000094DE /* task */,
			);
			name = Frameworks;
			sourceTree = "<group>";
		};
		948476A81B280FA1000094DE /* common */ = {
			isa = PBXGroup;
			children = (
				948476A91B280FA1000094DE /* include */,
				948476B71B280FA1000094DE /* lib */,
			);
			name = common;
			path = ../../../libs/common;
			sourceTree = "<group>";
		};
		948476A91B280FA1000094DE /* include */ = {
			isa = PBXGroup;
			children = (
				945397941B564D9D00B51FDA /* synchronize.h */,
				948476AA1B280FA1000094DE /* array_list.h */,
				948476AB1B280FA1000094DE /* atomic.h */,
				948476AC1B280FA1000094DE /* common_debug.h */,
				948476AD1B280FA1000094DE /* common_time.h */,
				948476AE1B280FA1000094DE /* common_typedefs.h */,
				948476AF1B280FA1000094DE /* hash_map.h */,
				948476B01B280FA1000094DE /* hash_set.h */,
				948476B11B280FA1000094DE /* hash_table.h */,
				948476B21B280FA1000094DE /* list.h */,
				948476B31B280FA1000094DE /* memory_pool.h */,
				948476B41B280FA1000094DE /* object_pool.h */,
				948476B51B280FA1000094DE /* red_black_tree.h */,
				948476B61B280FA1000094DE /* thread.h */,
			);
			path = include;
			sourceTree = "<group>";
		};
		948476B71B280FA1000094DE /* lib */ = {
			isa = PBXGroup;
			children = (
				948476B81B280FA1000094DE /* libcommon.a */,
			);
			path = lib;
			sourceTree = "<group>";
		};
		948476B91B280FA1000094DE /* ffmpeg */ = {
			isa = PBXGroup;
			children = (
				948476BA1B280FA1000094DE /* include */,
				9484771E1B280FA1000094DE /* lib */,
			);
			name = ffmpeg;
			path = ../../../libs/ffmpeg;
			sourceTree = "<group>";
		};
		948476BA1B280FA1000094DE /* include */ = {
			isa = PBXGroup;
			children = (
				948476BB1B280FA1000094DE /* libavcodec */,
				948476C81B280FA1000094DE /* libavdevice */,
				948476CB1B280FA1000094DE /* libavfilter */,
				948476D31B280FA1000094DE /* libavformat */,
				948476D71B280FA1000094DE /* libavutil */,
				948477181B280FA1000094DE /* libswresample */,
				9484771B1B280FA1000094DE /* libswscale */,
			);
			path = include;
			sourceTree = "<group>";
		};
		948476BB1B280FA1000094DE /* libavcodec */ = {
			isa = PBXGroup;
			children = (
				948476BC1B280FA1000094DE /* avcodec.h */,
				948476BD1B280FA1000094DE /* avfft.h */,
				948476BE1B280FA1000094DE /* dv_profile.h */,
				948476BF1B280FA1000094DE /* dxva2.h */,
				948476C01B280FA1000094DE /* old_codec_ids.h */,
				948476C11B280FA1000094DE /* qsv.h */,
				948476C21B280FA1000094DE /* vaapi.h */,
				948476C31B280FA1000094DE /* vda.h */,
				948476C41B280FA1000094DE /* vdpau.h */,
				948476C51B280FA1000094DE /* version.h */,
				948476C61B280FA1000094DE /* vorbis_parser.h */,
				948476C71B280FA1000094DE /* xvmc.h */,
			);
			path = libavcodec;
			sourceTree = "<group>";
		};
		948476C81B280FA1000094DE /* libavdevice */ = {
			isa = PBXGroup;
			children = (
				948476C91B280FA1000094DE /* avdevice.h */,
				948476CA1B280FA1000094DE /* version.h */,
			);
			path = libavdevice;
			sourceTree = "<group>";
		};
		948476CB1B280FA1000094DE /* libavfilter */ = {
			isa = PBXGroup;
			children = (
				948476CC1B280FA1000094DE /* asrc_abuffer.h */,
				948476CD1B280FA1000094DE /* avcodec.h */,
				948476CE1B280FA1000094DE /* avfilter.h */,
				948476CF1B280FA1000094DE /* avfiltergraph.h */,
				948476D01B280FA1000094DE /* buffersink.h */,
				948476D11B280FA1000094DE /* buffersrc.h */,
				948476D21B280FA1000094DE /* version.h */,
			);
			path = libavfilter;
			sourceTree = "<group>";
		};
		948476D31B280FA1000094DE /* libavformat */ = {
			isa = PBXGroup;
			children = (
				948476D41B280FA1000094DE /* avformat.h */,
				948476D51B280FA1000094DE /* avio.h */,
				948476D61B280FA1000094DE /* version.h */,
			);
			path = libavformat;
			sourceTree = "<group>";
		};
		948476D71B280FA1000094DE /* libavutil */ = {
			isa = PBXGroup;
			children = (
				948476D81B280FA1000094DE /* adler32.h */,
				948476D91B280FA1000094DE /* aes.h */,
				948476DA1B280FA1000094DE /* attributes.h */,
				948476DB1B280FA1000094DE /* audio_fifo.h */,
				948476DC1B280FA1000094DE /* audioconvert.h */,
				948476DD1B280FA1000094DE /* avassert.h */,
				948476DE1B280FA1000094DE /* avconfig.h */,
				948476DF1B280FA1000094DE /* avstring.h */,
				948476E01B280FA1000094DE /* avutil.h */,
				948476E11B280FA1000094DE /* base64.h */,
				948476E21B280FA1000094DE /* blowfish.h */,
				948476E31B280FA1000094DE /* bprint.h */,
				948476E41B280FA1000094DE /* bswap.h */,
				948476E51B280FA1000094DE /* buffer.h */,
				948476E61B280FA1000094DE /* camellia.h */,
				948476E71B280FA1000094DE /* cast5.h */,
				948476E81B280FA1000094DE /* channel_layout.h */,
				948476E91B280FA1000094DE /* common.h */,
				948476EA1B280FA1000094DE /* cpu.h */,
				948476EB1B280FA1000094DE /* crc.h */,
				948476EC1B280FA1000094DE /* dict.h */,
				948476ED1B280FA1000094DE /* display.h */,
				948476EE1B280FA1000094DE /* downmix_info.h */,
				948476EF1B280FA1000094DE /* error.h */,
				948476F01B280FA1000094DE /* eval.h */,
				948476F11B280FA1000094DE /* ffversion.h */,
				948476F21B280FA1000094DE /* fifo.h */,
				948476F31B280FA1000094DE /* file.h */,
				948476F41B280FA1000094DE /* frame.h */,
				948476F51B280FA1000094DE /* hash.h */,
				948476F61B280FA1000094DE /* hmac.h */,
				948476F71B280FA1000094DE /* imgutils.h */,
				948476F81B280FA1000094DE /* intfloat.h */,
				948476F91B280FA1000094DE /* intreadwrite.h */,
				948476FA1B280FA1000094DE /* lfg.h */,
				948476FB1B280FA1000094DE /* log.h */,
				948476FC1B280FA1000094DE /* lzo.h */,
				948476FD1B280FA1000094DE /* macros.h */,
				948476FE1B280FA1000094DE /* mathematics.h */,
				948476FF1B280FA1000094DE /* md5.h */,
				948477001B280FA1000094DE /* mem.h */,
				948477011B280FA1000094DE /* motion_vector.h */,
				948477021B280FA1000094DE /* murmur3.h */,
				948477031B280FA1000094DE /* old_pix_fmts.h */,
				948477041B280FA1000094DE /* opt.h */,
				948477051B280FA1000094DE /* parseutils.h */,
				948477061B280FA1000094DE /* pixdesc.h */,
				948477071B280FA1000094DE /* pixelutils.h */,
				948477081B280FA1000094DE /* pixfmt.h */,
				948477091B280FA1000094DE /* random_seed.h */,
				9484770A1B280FA1000094DE /* rational.h */,
				9484770B1B280FA1000094DE /* replaygain.h */,
				9484770C1B280FA1000094DE /* ripemd.h */,
				9484770D1B280FA1000094DE /* samplefmt.h */,
				9484770E1B280FA1000094DE /* sha.h */,
				9484770F1B280FA1000094DE /* sha512.h */,
				948477101B280FA1000094DE /* stereo3d.h */,
				948477111B280FA1000094DE /* threadmessage.h */,
				948477121B280FA1000094DE /* time.h */,
				948477131B280FA1000094DE /* timecode.h */,
				948477141B280FA1000094DE /* timestamp.h */,
				948477151B280FA1000094DE /* twofish.h */,
				948477161B280FA1000094DE /* version.h */,
				948477171B280FA1000094DE /* xtea.h */,
			);
			path = libavutil;
			sourceTree = "<group>";
		};
		948477181B280FA1000094DE /* libswresample */ = {
			isa = PBXGroup;
			children = (
				948477191B280FA1000094DE /* swresample.h */,
				9484771A1B280FA1000094DE /* version.h */,
			);
			path = libswresample;
			sourceTree = "<group>";
		};
		9484771B1B280FA1000094DE /* libswscale */ = {
			isa = PBXGroup;
			children = (
				9484771C1B280FA1000094DE /* swscale.h */,
				9484771D1B280FA1000094DE /* version.h */,
			);
			path = libswscale;
			sourceTree = "<group>";
		};
		9484771E1B280FA1000094DE /* lib */ = {
			isa = PBXGroup;
			children = (
				9484771F1B280FA1000094DE /* libavcodec.a */,
				948477201B280FA1000094DE /* libavdevice.a */,
				948477211B280FA1000094DE /* libavfilter.a */,
				948477221B280FA1000094DE /* libavformat.a */,
				948477231B280FA1000094DE /* libavutil.a */,
				948477241B280FA1000094DE /* libswresample.a */,
				948477251B280FA1000094DE /* libswscale.a */,
			);
			path = lib;
			sourceTree = "<group>";
		};
		948477261B280FA1000094DE /* Graphic */ = {
			isa = PBXGroup;
			children = (
				948477271B280FA1000094DE /* include */,
				948477311B280FA1000094DE /* lib */,
			);
			name = Graphic;
			path = ../../../libs/Graphic;
			sourceTree = "<group>";
		};
		948477271B280FA1000094DE /* include */ = {
			isa = PBXGroup;
			children = (
				948477281B280FA1000094DE /* Font.h */,
				948477291B280FA1000094DE /* GLESGraphicContext.h */,
				9484772A1B280FA1000094DE /* GraphicMath.h */,
				9484772B1B280FA1000094DE /* GraphicResourceMgr.h */,
				9484772C1B280FA1000094DE /* GraphicTypeDef.h */,
				9484772D1B280FA1000094DE /* GraphicTypes.h */,
				9484772E1B280FA1000094DE /* GraphicUtil.h */,
				9484772F1B280FA1000094DE /* IGraphicContext.h */,
				948477301B280FA1000094DE /* iphoneFont.h */,
			);
			path = include;
			sourceTree = "<group>";
		};
		948477311B280FA1000094DE /* lib */ = {
			isa = PBXGroup;
			children = (
				948477321B280FA1000094DE /* libGraphic.a */,
			);
			path = lib;
			sourceTree = "<group>";
		};
		948477331B280FA1000094DE /* task */ = {
			isa = PBXGroup;
			children = (
				948477341B280FA1000094DE /* include */,
				9484773D1B280FA1000094DE /* lib */,
			);
			name = task;
			path = ../../../libs/task;
			sourceTree = "<group>";
		};
		948477341B280FA1000094DE /* include */ = {
			isa = PBXGroup;
			children = (
				945397911B56395F00B51FDA /* task_processor_thread_pool.h */,
				945397921B56395F00B51FDA /* task_processor_thread.h */,
				945397931B56395F00B51FDA /* task_queue.h */,
				948477351B280FA1000094DE /* pipeline.h */,
				948477361B280FA1000094DE /* pipeline_builder.h */,
				948477371B280FA1000094DE /* pipeline_procedure.h */,
				9484773A1B280FA1000094DE /* task.h */,
				9484773B1B280FA1000094DE /* task_processor.h */,
			);
			path = include;
			sourceTree = "<group>";
		};
		9484773D1B280FA1000094DE /* lib */ = {
			isa = PBXGroup;
			children = (
				9484773E1B280FA1000094DE /* libtask.a */,
			);
			path = lib;
			sourceTree = "<group>";
		};
		948477491B2812B8000094DE /* include */ = {
			isa = PBXGroup;
			children = (
				9484774A1B2812B8000094DE /* VideoPlayer.h */,
			);
			name = include;
			path = ../../include;
			sourceTree = "<group>";
		};
		9484774B1B2812B8000094DE /* src */ = {
			isa = PBXGroup;
			children = (
				948477811B295542000094DE /* datatype */,
				9484774C1B2812B8000094DE /* destination */,
				948477511B2812B8000094DE /* filter */,
				948477541B2812B8000094DE /* PlayerProcedure.cpp */,
				948477551B2812B8000094DE /* PlayerProcedure.h */,
				948477561B2812B8000094DE /* PlayerTypes.h */,
				948477571B2812B8000094DE /* source */,
				9484775A1B2812B8000094DE /* VideoPlayer.cpp */,
				9483DEEE1B3A936100306880 /* RegisterProcedures.h */,
				948714941B5E2AA6004E1167 /* PlayerControl.cpp */,
				9483DEED1B3A936100306880 /* RegisterProcedures.cpp */,
				948714951B5E2AA6004E1167 /* PlayerControl.h */,
				94C7E0A81BC9123400D6C613 /* VideoPlayerInternal.cpp */,
				94C7E0A91BC9123400D6C613 /* VideoPlayerInternal.h */,
			);
			name = src;
			path = ../../src;
			sourceTree = "<group>";
		};
		9484774C1B2812B8000094DE /* destination */ = {
			isa = PBXGroup;
			children = (
				8863D0B71BE34FD600332072 /* FilterShaderHDR.cpp */,
				8863D0B81BE34FD600332072 /* FilterShaderHDR.h */,
				8863D0B91BE34FD600332072 /* ShaderCode_HDR.h */,
				9484774D1B2812B8000094DE /* GraphicDisplayDestination.cpp */,
				9484774E1B2812B8000094DE /* GraphicDisplayDestination.h */,
				9484774F1B2812B8000094DE /* PlayerDestination.cpp */,
				948477501B2812B8000094DE /* PlayerDestination.h */,
				9431C2761B61E91300E84CC5 /* AudioPlayDestination.cpp */,
				9431C2771B61E91300E84CC5 /* AudioPlayDestination.h */,
			);
			path = destination;
			sourceTree = "<group>";
		};
		948477511B2812B8000094DE /* filter */ = {
			isa = PBXGroup;
			children = (
				884B55951BF9622A0048DA12 /* hls */,
				948477521B2812B8000094DE /* PlayerFilter.cpp */,
				948477531B2812B8000094DE /* PlayerFilter.h */,
				9483DEC31B390ADC00306880 /* FFMpegVideoDecoder.cpp */,
				9483DEC41B390ADC00306880 /* FFMpegVideoDecoder.h */,
				9431C27C1B62038800E84CC5 /* FFMpegAudioDecoder.cpp */,
				9431C27D1B62038800E84CC5 /* FFMpegAudioDecoder.h */,
				8E05B0E11BFC0D52005EB6D3 /* IOSMediaDecoder.h */,
				8E05B0E21BFC0D52005EB6D3 /* IOSMediaDecoder.mm */,
				8E05B0E31BFC0D52005EB6D3 /* IOSVideoDecoder.cpp */,
				8E05B0E41BFC0D52005EB6D3 /* IOSVideoDecoder.h */,
			);
			path = filter;
			sourceTree = "<group>";
		};
		948477571B2812B8000094DE /* source */ = {
			isa = PBXGroup;
			children = (
				948477581B2812B8000094DE /* PlayerDataSource.cpp */,
				948477591B2812B8000094DE /* PlayerDataSource.h */,
				9484781F1B2A8859000094DE /* FFMpegStream.cpp */,
				948478201B2A8859000094DE /* FFMpegStream.h */,
			);
			path = source;
			sourceTree = "<group>";
		};
		948477811B295542000094DE /* datatype */ = {
			isa = PBXGroup;
			children = (
				8E05B0E71BFC11A1005EB6D3 /* IOSMediaData.cpp */,
				8E05B0E81BFC11A1005EB6D3 /* IOSMediaData.h */,
				948477821B2955A5000094DE /* RGBATexture.h */,
				948477851B297B04000094DE /* RGBATexture.cpp */,
				9484781C1B2A8035000094DE /* FFMpegData.cpp */,
				9484781D1B2A8035000094DE /* FFMpegData.h */,
				9431C2791B61EB2C00E84CC5 /* AudioFragment.cpp */,
				9431C27A1B61EB2C00E84CC5 /* AudioFragment.h */,
			);
			name = datatype;
			sourceTree = "<group>";
		};
/* End PBXGroup section */

/* Begin PBXNativeTarget section */
		9484768C1B280DE2000094DE /* VideoPlayer */ = {
			isa = PBXNativeTarget;
			buildConfigurationList = 948476A11B280DE2000094DE /* Build configuration list for PBXNativeTarget "VideoPlayer" */;
			buildPhases = (
				948476891B280DE2000094DE /* Sources */,
				9484768A1B280DE2000094DE /* Frameworks */,
				9484768B1B280DE2000094DE /* CopyFiles */,
				948477621B28136D000094DE /* CopyFiles */,
			);
			buildRules = (
			);
			dependencies = (
			);
			name = VideoPlayer;
			productName = VideoPlayer;
			productReference = 9484768D1B280DE2000094DE /* libVideoPlayer.a */;
			productType = "com.apple.product-type.library.static";
		};
		948476971B280DE2000094DE /* VideoPlayerTests */ = {
			isa = PBXNativeTarget;
			buildConfigurationList = 948476A41B280DE2000094DE /* Build configuration list for PBXNativeTarget "VideoPlayerTests" */;
			buildPhases = (
				948476941B280DE2000094DE /* Sources */,
				948476951B280DE2000094DE /* Frameworks */,
				948476961B280DE2000094DE /* Resources */,
			);
			buildRules = (
			);
			dependencies = (
				9484769B1B280DE2000094DE /* PBXTargetDependency */,
			);
			name = VideoPlayerTests;
			productName = VideoPlayerTests;
			productReference = 948476981B280DE2000094DE /* VideoPlayerTests.xctest */;
			productType = "com.apple.product-type.bundle.unit-test";
		};
/* End PBXNativeTarget section */

/* Begin PBXProject section */
		948476851B280DE2000094DE /* Project object */ = {
			isa = PBXProject;
			attributes = {
				LastUpgradeCheck = 0630;
				ORGANIZATIONNAME = huangyi;
				TargetAttributes = {
					9484768C1B280DE2000094DE = {
						CreatedOnToolsVersion = 6.3.2;
					};
					948476971B280DE2000094DE = {
						CreatedOnToolsVersion = 6.3.2;
					};
				};
			};
			buildConfigurationList = 948476881B280DE2000094DE /* Build configuration list for PBXProject "VideoPlayer" */;
			compatibilityVersion = "Xcode 3.2";
			developmentRegion = English;
			hasScannedForEncodings = 0;
			knownRegions = (
				en,
			);
			mainGroup = 948476841B280DE2000094DE;
			productRefGroup = 9484768E1B280DE2000094DE /* Products */;
			projectDirPath = "";
			projectRoot = "";
			targets = (
				9484768C1B280DE2000094DE /* VideoPlayer */,
				948476971B280DE2000094DE /* VideoPlayerTests */,
			);
		};
/* End PBXProject section */

/* Begin PBXResourcesBuildPhase section */
		948476961B280DE2000094DE /* Resources */ = {
			isa = PBXResourcesBuildPhase;
			buildActionMask = 2147483647;
			files = (
			);
			runOnlyForDeploymentPostprocessing = 0;
		};
/* End PBXResourcesBuildPhase section */

/* Begin PBXSourcesBuildPhase section */
		948476891B280DE2000094DE /* Sources */ = {
			isa = PBXSourcesBuildPhase;
			buildActionMask = 2147483647;
			files = (
				9484781E1B2A8035000094DE /* FFMpegData.cpp in Sources */,
				948477861B297B04000094DE /* RGBATexture.cpp in Sources */,
				8863D0BA1BE34FD600332072 /* FilterShaderHDR.cpp in Sources */,
				948477601B2812B8000094DE /* VideoPlayer.cpp in Sources */,
				948478211B2A8859000094DE /* FFMpegStream.cpp in Sources */,
				884B55981BF962620048DA12 /* HLSDownloadUrl.cpp in Sources */,
				948714961B5E2AA6004E1167 /* PlayerControl.cpp in Sources */,
				9484775F1B2812B8000094DE /* PlayerDataSource.cpp in Sources */,
				884B55941BF95E3B0048DA12 /* HLSData.cpp in Sources */,
				884B559E1BF9701C0048DA12 /* HLScURL.cpp in Sources */,
				9484775B1B2812B8000094DE /* GraphicDisplayDestination.cpp in Sources */,
				9484775D1B2812B8000094DE /* PlayerFilter.cpp in Sources */,
				9431C27B1B61EB2C00E84CC5 /* AudioFragment.cpp in Sources */,
				94C7E0AA1BC9123400D6C613 /* VideoPlayerInternal.cpp in Sources */,
				9484775E1B2812B8000094DE /* PlayerProcedure.cpp in Sources */,
				884B559B1BF96D660048DA12 /* HLSDownloadTS.cpp in Sources */,
				8E05B0E61BFC0D52005EB6D3 /* IOSVideoDecoder.cpp in Sources */,
				9431C27E1B62038800E84CC5 /* FFMpegAudioDecoder.cpp in Sources */,
				9431C2781B61E91300E84CC5 /* AudioPlayDestination.cpp in Sources */,
				9484775C1B2812B8000094DE /* PlayerDestination.cpp in Sources */,
				9483DEEF1B3A936100306880 /* RegisterProcedures.cpp in Sources */,
				9483DEC51B390ADC00306880 /* FFMpegVideoDecoder.cpp in Sources */,
				8E05B0E91BFC11A1005EB6D3 /* IOSMediaData.cpp in Sources */,
				8E05B0E51BFC0D52005EB6D3 /* IOSMediaDecoder.mm in Sources */,
			);
			runOnlyForDeploymentPostprocessing = 0;
		};
		948476941B280DE2000094DE /* Sources */ = {
			isa = PBXSourcesBuildPhase;
			buildActionMask = 2147483647;
			files = (
				9483DEFA1B3BB06800306880 /* TestVideoPlayer.mm in Sources */,
			);
			runOnlyForDeploymentPostprocessing = 0;
		};
/* End PBXSourcesBuildPhase section */

/* Begin PBXTargetDependency section */
		9484769B1B280DE2000094DE /* PBXTargetDependency */ = {
			isa = PBXTargetDependency;
			target = 9484768C1B280DE2000094DE /* VideoPlayer */;
			targetProxy = 9484769A1B280DE2000094DE /* PBXContainerItemProxy */;
		};
/* End PBXTargetDependency section */

/* Begin XCBuildConfiguration section */
		9484769F1B280DE2000094DE /* Debug */ = {
			isa = XCBuildConfiguration;
			buildSettings = {
				ALWAYS_SEARCH_USER_PATHS = NO;
				CLANG_CXX_LANGUAGE_STANDARD = "gnu++0x";
				CLANG_CXX_LIBRARY = "libc++";
				CLANG_ENABLE_MODULES = YES;
				CLANG_ENABLE_OBJC_ARC = YES;
				CLANG_WARN_BOOL_CONVERSION = YES;
				CLANG_WARN_CONSTANT_CONVERSION = YES;
				CLANG_WARN_DIRECT_OBJC_ISA_USAGE = YES_ERROR;
				CLANG_WARN_EMPTY_BODY = YES;
				CLANG_WARN_ENUM_CONVERSION = YES;
				CLANG_WARN_INT_CONVERSION = YES;
				CLANG_WARN_OBJC_ROOT_CLASS = YES_ERROR;
				CLANG_WARN_UNREACHABLE_CODE = YES;
				CLANG_WARN__DUPLICATE_METHOD_MATCH = YES;
				COPY_PHASE_STRIP = NO;
				DEBUG_INFORMATION_FORMAT = "dwarf-with-dsym";
				ENABLE_STRICT_OBJC_MSGSEND = YES;
				GCC_C_LANGUAGE_STANDARD = gnu99;
				GCC_DYNAMIC_NO_PIC = NO;
				GCC_NO_COMMON_BLOCKS = YES;
				GCC_OPTIMIZATION_LEVEL = 0;
				GCC_PREPROCESSOR_DEFINITIONS = (
					"DEBUG=1",
					"$(inherited)",
				);
				GCC_SYMBOLS_PRIVATE_EXTERN = NO;
				GCC_WARN_64_TO_32_BIT_CONVERSION = YES;
				GCC_WARN_ABOUT_RETURN_TYPE = YES_ERROR;
				GCC_WARN_UNDECLARED_SELECTOR = YES;
				GCC_WARN_UNINITIALIZED_AUTOS = YES_AGGRESSIVE;
				GCC_WARN_UNUSED_FUNCTION = YES;
				GCC_WARN_UNUSED_VARIABLE = YES;
				IPHONEOS_DEPLOYMENT_TARGET = 5.0;
				LIBRARY_SEARCH_PATHS = (
					"$(PROJECT_DIR)/../../../libs/common/lib",
					"$(PROJECT_DIR)/../../../libs/Graphic/lib",
					"$(PROJECT_DIR)/../../../libs/task/lib",
					"$(PROJECT_DIR)/../../../libs/ffmpeg/lib",
					"$(PROJECT_DIR)/../../../libs/Audio/lib",
					"$(PROJECT_DIR)/../../../libs/cURL/lib",
				);
				MTL_ENABLE_DEBUG_INFO = YES;
				ONLY_ACTIVE_ARCH = NO;
				SDKROOT = iphoneos;
				SKIP_INSTALL = YES;
				USER_HEADER_SEARCH_PATHS = "$(PROJECT_DIR)/../../src $(PROJECT_DIR)/../../../libs/common/inlcude $(PROJECT_DIR)/../../../libs/task/inlcude $(PROJECT_DIR)/../../../libs/Graphic/inlcude $(PROJECT_DIR)/../../../libs/ffmpeg/include $(PROJECT_DIR)/../../../libs/Audio/include $(PROJECT_DIR)/../../../libs/cURL/include";
			};
			name = Debug;
		};
		948476A01B280DE2000094DE /* Release */ = {
			isa = XCBuildConfiguration;
			buildSettings = {
				ALWAYS_SEARCH_USER_PATHS = NO;
				CLANG_CXX_LANGUAGE_STANDARD = "gnu++0x";
				CLANG_CXX_LIBRARY = "libc++";
				CLANG_ENABLE_MODULES = YES;
				CLANG_ENABLE_OBJC_ARC = YES;
				CLANG_WARN_BOOL_CONVERSION = YES;
				CLANG_WARN_CONSTANT_CONVERSION = YES;
				CLANG_WARN_DIRECT_OBJC_ISA_USAGE = YES_ERROR;
				CLANG_WARN_EMPTY_BODY = YES;
				CLANG_WARN_ENUM_CONVERSION = YES;
				CLANG_WARN_INT_CONVERSION = YES;
				CLANG_WARN_OBJC_ROOT_CLASS = YES_ERROR;
				CLANG_WARN_UNREACHABLE_CODE = YES;
				CLANG_WARN__DUPLICATE_METHOD_MATCH = YES;
				COPY_PHASE_STRIP = NO;
				DEBUG_INFORMATION_FORMAT = "dwarf-with-dsym";
				ENABLE_NS_ASSERTIONS = NO;
				ENABLE_STRICT_OBJC_MSGSEND = YES;
				GCC_C_LANGUAGE_STANDARD = gnu99;
				GCC_NO_COMMON_BLOCKS = YES;
				GCC_WARN_64_TO_32_BIT_CONVERSION = YES;
				GCC_WARN_ABOUT_RETURN_TYPE = YES_ERROR;
				GCC_WARN_UNDECLARED_SELECTOR = YES;
				GCC_WARN_UNINITIALIZED_AUTOS = YES_AGGRESSIVE;
				GCC_WARN_UNUSED_FUNCTION = YES;
				GCC_WARN_UNUSED_VARIABLE = YES;
				IPHONEOS_DEPLOYMENT_TARGET = 5.0;
				LIBRARY_SEARCH_PATHS = (
					"$(PROJECT_DIR)/../../../libs/common/lib",
					"$(PROJECT_DIR)/../../../libs/Graphic/lib",
					"$(PROJECT_DIR)/../../../libs/task/lib",
					"$(PROJECT_DIR)/../../../libs/ffmpeg/lib",
					"$(PROJECT_DIR)/../../../libs/Audio/lib",
					"$(PROJECT_DIR)/../../../libs/cURL/lib",
				);
				MTL_ENABLE_DEBUG_INFO = NO;
				SDKROOT = iphoneos;
				SKIP_INSTALL = YES;
				USER_HEADER_SEARCH_PATHS = "$(PROJECT_DIR)/../../src $(PROJECT_DIR)/../../../libs/common/inlcude $(PROJECT_DIR)/../../../libs/task/inlcude $(PROJECT_DIR)/../../../libs/Graphic/inlcude $(PROJECT_DIR)/../../../libs/ffmpeg/include $(PROJECT_DIR)/../../../libs/Audio/include $(PROJECT_DIR)/../../../libs/cURL/include";
				VALIDATE_PRODUCT = YES;
			};
			name = Release;
		};
		948476A21B280DE2000094DE /* Debug */ = {
			isa = XCBuildConfiguration;
			buildSettings = {
				LIBRARY_SEARCH_PATHS = (
					"$(inherited)",
					"$(PROJECT_DIR)/../../../libs/Audio/lib",
				);
				OTHER_LDFLAGS = (
					"-read_only_relocs",
					suppress,
				);
				PRODUCT_NAME = "$(TARGET_NAME)";
				SKIP_INSTALL = YES;
				USER_HEADER_SEARCH_PATHS = "$(inherited)";
			};
			name = Debug;
		};
		948476A31B280DE2000094DE /* Release */ = {
			isa = XCBuildConfiguration;
			buildSettings = {
				LIBRARY_SEARCH_PATHS = (
					"$(inherited)",
					"$(PROJECT_DIR)/../../../libs/Audio/lib",
				);
				OTHER_LDFLAGS = (
					"-read_only_relocs",
					suppress,
				);
				PRODUCT_NAME = "$(TARGET_NAME)";
				SKIP_INSTALL = YES;
				USER_HEADER_SEARCH_PATHS = "$(inherited)";
			};
			name = Release;
		};
		948476A51B280DE2000094DE /* Debug */ = {
			isa = XCBuildConfiguration;
			buildSettings = {
				"CODE_SIGN_IDENTITY[sdk=iphoneos*]" = "iPhone Developer";
				FRAMEWORK_SEARCH_PATHS = (
					"$(SDKROOT)/Developer/Library/Frameworks",
					"$(inherited)",
				);
				GCC_PREPROCESSOR_DEFINITIONS = (
					"DEBUG=1",
					"$(inherited)",
				);
				INFOPLIST_FILE = VideoPlayerTests/Info.plist;
				LD_RUNPATH_SEARCH_PATHS = "$(inherited) @executable_path/Frameworks @loader_path/Frameworks";
				LIBRARY_SEARCH_PATHS = "$(inherited)";
				ONLY_ACTIVE_ARCH = NO;
				OTHER_LDFLAGS = (
					"$(inherited)",
					"-framework",
					XCTest,
					"-read_only_relocs",
					suppress,
				);
				PRODUCT_NAME = "$(TARGET_NAME)";
				USER_HEADER_SEARCH_PATHS = "$(inherited)";
			};
			name = Debug;
		};
		948476A61B280DE2000094DE /* Release */ = {
			isa = XCBuildConfiguration;
			buildSettings = {
				"CODE_SIGN_IDENTITY[sdk=iphoneos*]" = "iPhone Developer";
				FRAMEWORK_SEARCH_PATHS = (
					"$(SDKROOT)/Developer/Library/Frameworks",
					"$(inherited)",
				);
				INFOPLIST_FILE = VideoPlayerTests/Info.plist;
				LD_RUNPATH_SEARCH_PATHS = "$(inherited) @executable_path/Frameworks @loader_path/Frameworks";
				LIBRARY_SEARCH_PATHS = "$(inherited)";
				ONLY_ACTIVE_ARCH = NO;
				OTHER_LDFLAGS = (
					"$(inherited)",
					"-framework",
					XCTest,
					"-read_only_relocs",
					suppress,
				);
				PRODUCT_NAME = "$(TARGET_NAME)";
				USER_HEADER_SEARCH_PATHS = "$(inherited)";
			};
			name = Release;
		};
/* End XCBuildConfiguration section */

/* Begin XCConfigurationList section */
		948476881B280DE2000094DE /* Build configuration list for PBXProject "VideoPlayer" */ = {
			isa = XCConfigurationList;
			buildConfigurations = (
				9484769F1B280DE2000094DE /* Debug */,
				948476A01B280DE2000094DE /* Release */,
			);
			defaultConfigurationIsVisible = 0;
			defaultConfigurationName = Release;
		};
		948476A11B280DE2000094DE /* Build configuration list for PBXNativeTarget "VideoPlayer" */ = {
			isa = XCConfigurationList;
			buildConfigurations = (
				948476A21B280DE2000094DE /* Debug */,
				948476A31B280DE2000094DE /* Release */,
			);
			defaultConfigurationIsVisible = 0;
			defaultConfigurationName = Release;
		};
		948476A41B280DE2000094DE /* Build configuration list for PBXNativeTarget "VideoPlayerTests" */ = {
			isa = XCConfigurationList;
			buildConfigurations = (
				948476A51B280DE2000094DE /* Debug */,
				948476A61B280DE2000094DE /* Release */,
			);
			defaultConfigurationIsVisible = 0;
			defaultConfigurationName = Release;
		};
/* End XCConfigurationList section */
	};
	rootObject = 948476851B280DE2000094DE /* Project object */;
}
