<?xml version="1.0" encoding="utf-8"?>
<Project ToolsVersion="4.0" xmlns="http://schemas.microsoft.com/developer/msbuild/2003">
  <ItemGroup>
    <Text Include="ReadMe.txt" />
  </ItemGroup>
  <ItemGroup>
    <Filter Include="include">
      <UniqueIdentifier>{e7c4c825-7212-4b5d-a139-c1289cd69fb1}</UniqueIdentifier>
    </Filter>
    <Filter Include="src">
      <UniqueIdentifier>{17993638-fabd-49c5-9d7d-e1d36e5331db}</UniqueIdentifier>
    </Filter>
  </ItemGroup>
  <ItemGroup>
    <ClInclude Include="..\..\include\pipeline.h">
      <Filter>include</Filter>
    </ClInclude>
    <ClInclude Include="..\..\include\pipeline_builder.h">
      <Filter>include</Filter>
    </ClInclude>
    <ClInclude Include="..\..\include\pipeline_procedure.h">
      <Filter>include</Filter>
    </ClInclude>
    <ClInclude Include="..\..\include\task.h">
      <Filter>include</Filter>
    </ClInclude>
    <ClInclude Include="..\..\include\task_processor.h">
      <Filter>include</Filter>
    </ClInclude>
    <ClInclude Include="..\..\include\task_processor_thread_pool.h">
      <Filter>include</Filter>
    </ClInclude>
    <ClInclude Include="..\..\include\task_queue.h">
      <Filter>include</Filter>
    </ClInclude>
    <ClInclude Include="..\..\src\pipeline_builder_structures.h">
      <Filter>src</Filter>
    </ClInclude>
    <ClInclude Include="..\..\src\pipeline_procedure_structures.h">
      <Filter>src</Filter>
    </ClInclude>
    <ClInclude Include="..\..\src\pipeline_procedure_task.h">
      <Filter>src</Filter>
    </ClInclude>
    <ClInclude Include="..\..\src\task_processor_thread.h">
      <Filter>src</Filter>
    </ClInclude>
  </ItemGroup>
  <ItemGroup>
    <ClCompile Include="..\..\src\pipeline.c">
      <Filter>src</Filter>
    </ClCompile>
    <ClCompile Include="..\..\src\pipeline_builder.c">
      <Filter>src</Filter>
    </ClCompile>
    <ClCompile Include="..\..\src\pipeline_builder_structures.c">
      <Filter>src</Filter>
    </ClCompile>
    <ClCompile Include="..\..\src\pipeline_procedure.c">
      <Filter>src</Filter>
    </ClCompile>
    <ClCompile Include="..\..\src\pipeline_procedure_structures.c">
      <Filter>src</Filter>
    </ClCompile>
    <ClCompile Include="..\..\src\pipeline_procedure_task.c">
      <Filter>src</Filter>
    </ClCompile>
    <ClCompile Include="..\..\src\task.c">
      <Filter>src</Filter>
    </ClCompile>
    <ClCompile Include="..\..\src\task_processor.c">
      <Filter>src</Filter>
    </ClCompile>
    <ClCompile Include="..\..\src\task_processor_thread.c">
      <Filter>src</Filter>
    </ClCompile>
    <ClCompile Include="..\..\src\task_processor_thread_pool.c">
      <Filter>src</Filter>
    </ClCompile>
    <ClCompile Include="..\..\src\task_queue.c">
      <Filter>src</Filter>
    </ClCompile>
  </ItemGroup>
</Project>